
Microsoft Visual Studio Solution File, Format Version 12.00
# Visual Studio Version 16
VisualStudioVersion = 16.0.31019.35
MinimumVisualStudioVersion = 10.0.40219.1
Project("{8BC9CEB8-8B4A-11D0-8D11-00A0C91BC942}") = "Project1", "Project1\Project1.vcxproj", "{D3ABBCF9-40D3-41C6-97B1-0B242CB76E54}"
EndProject
Project("{8BC9CEB8-8B4A-11D0-8D11-00A0C91BC942}") = "LinkedListV2", "LinkedListV2\LinkedListV2.vcxproj", "{3C19FA91-F2AD-4722-8751-F01FE73E9E96}"
EndProject
Global
	GlobalSection(SolutionConfigurationPlatforms) = preSolution
		Debug|x64 = Debug|x64
		Debug|x86 = Debug|x86
		Release|x64 = Release|x64
		Release|x86 = Release|x86
	EndGlobalSection
	GlobalSection(ProjectConfigurationPlatforms) = postSolution
		{D3ABBCF9-40D3-41C6-97B1-0B242CB76E54}.Debug|x64.ActiveCfg = Debug|x64
		{D3ABBCF9-40D3-41C6-97B1-0B242CB76E54}.Debug|x64.Build.0 = Debug|x64
		{D3ABBCF9-40D3-41C6-97B1-0B242CB76E54}.Debug|x86.ActiveCfg = Debug|Win32
		{D3ABBCF9-40D3-41C6-97B1-0B242CB76E54}.Debug|x86.Build.0 = Debug|Win32
		{D3ABBCF9-40D3-41C6-97B1-0B242CB76E54}.Release|x64.ActiveCfg = Release|x64
		{D3ABBCF9-40D3-41C6-97B1-0B242CB76E54}.Release|x64.Build.0 = Release|x64
		{D3ABBCF9-40D3-41C6-97B1-0B242CB76E54}.Release|x86.ActiveCfg = Release|Win32
		{D3ABBCF9-40D3-41C6-97B1-0B242CB76E54}.Release|x86.Build.0 = Release|Win32
		{3C19FA91-F2AD-4722-8751-F01FE73E9E96}.Debug|x64.ActiveCfg = Debug|x64
		{3C19FA91-F2AD-4722-8751-F01FE73E9E96}.Debug|x64.Build.0 = Debug|x64
		{3C19FA91-F2AD-4722-8751-F01FE73E9E96}.Debug|x86.ActiveCfg = Debug|Win32
		{3C19FA91-F2AD-4722-8751-F01FE73E9E96}.Debug|x86.Build.0 = Debug|Win32
		{3C19FA91-F2AD-4722-8751-F01FE73E9E96}.Release|x64.ActiveCfg = Release|x64
		{3C19FA91-F2AD-4722-8751-F01FE73E9E96}.Release|x64.Build.0 = Release|x64
		{3C19FA91-F2AD-4722-8751-F01FE73E9E96}.Release|x86.ActiveCfg = Release|Win32
		{3C19FA91-F2AD-4722-8751-F01FE73E9E96}.Release|x86.Build.0 = Release|Win32
	EndGlobalSection
	GlobalSection(SolutionProperties) = preSolution
		HideSolutionNode = FALSE
	EndGlobalSection
	GlobalSection(ExtensibilityGlobals) = postSolution
		SolutionGuid = {0133B142-CA3A-4EB5-9B11-3B1D9C9413EC}
	EndGlobalSection
EndGlobal
