// !$*UTF8*$!
{
	archiveVersion = 1;
	classes = {
	};
	objectVersion = 50;
	objects = {

/* Begin PBXBuildFile section */
		04C0CAB12656AE3D00F557D1 /* main.c in Sources */ = {isa = PBXBuildFile; fileRef = 04C0CAB02656AE3D00F557D1 /* main.c */; };
		04C0CABA2656B2F900F557D1 /* queueADT.c in Sources */ = {isa = PBXBuildFile; fileRef = 04C0CAB92656B2F900F557D1 /* queueADT.c */; };
/* End PBXBuildFile section */

/* Begin PBXCopyFilesBuildPhase section */
		04C0CAAB2656AE3D00F557D1 /* CopyFiles */ = {
			isa = PBXCopyFilesBuildPhase;
			buildActionMask = 2147483647;
			dstPath = /usr/share/man/man1/;
			dstSubfolderSpec = 0;
			files = (
			);
			runOnlyForDeploymentPostprocessing = 1;
		};
/* End PBXCopyFilesBuildPhase section */

/* Begin PBXFileReference section */
		04C0CAAD2656AE3D00F557D1 /* queue */ = {isa = PBXFileReference; explicitFileType = "compiled.mach-o.executable"; includeInIndex = 0; path = queue; sourceTree = BUILT_PRODUCTS_DIR; };
		04C0CAB02656AE3D00F557D1 /* main.c */ = {isa = PBXFileReference; lastKnownFileType = sourcecode.c.c; path = main.c; sourceTree = "<group>"; };
		04C0CAB72656AE8C00F557D1 /* Queue */ = {isa = PBXFileReference; lastKnownFileType = text; path = Queue; sourceTree = "<group>"; };
		04C0CAB82656B2F900F557D1 /* queueADT.h */ = {isa = PBXFileReference; lastKnownFileType = sourcecode.c.h; path = queueADT.h; sourceTree = "<group>"; };
		04C0CAB92656B2F900F557D1 /* queueADT.c */ = {isa = PBXFileReference; lastKnownFileType = sourcecode.c.c; path = queueADT.c; sourceTree = "<group>"; };
/* End PBXFileReference section */

/* Begin PBXFrameworksBuildPhase section */
		04C0CAAA2656AE3D00F557D1 /* Frameworks */ = {
			isa = PBXFrameworksBuildPhase;
			buildActionMask = 2147483647;
			files = (
			);
			runOnlyForDeploymentPostprocessing = 0;
		};
/* End PBXFrameworksBuildPhase section */

/* Begin PBXGroup section */
		04C0CAA42656AE3D00F557D1 = {
			isa = PBXGroup;
			children = (
				04C0CAAF2656AE3D00F557D1 /* queue */,
				04C0CAAE2656AE3D00F557D1 /* Products */,
			);
			sourceTree = "<group>";
		};
		04C0CAAE2656AE3D00F557D1 /* Products */ = {
			isa = PBXGroup;
			children = (
				04C0CAAD2656AE3D00F557D1 /* queue */,
			);
			name = Products;
			sourceTree = "<group>";
		};
		04C0CAAF2656AE3D00F557D1 /* queue */ = {
			isa = PBXGroup;
			children = (
				04C0CAB02656AE3D00F557D1 /* main.c */,
				04C0CAB72656AE8C00F557D1 /* Queue */,
				04C0CAB82656B2F900F557D1 /* queueADT.h */,
				04C0CAB92656B2F900F557D1 /* queueADT.c */,
			);
			path = queue;
			sourceTree = "<group>";
		};
/* End PBXGroup section */

/* Begin PBXNativeTarget section */
		04C0CAAC2656AE3D00F557D1 /* queue */ = {
			isa = PBXNativeTarget;
			buildConfigurationList = 04C0CAB42656AE3D00F557D1 /* Build configuration list for PBXNativeTarget "queue" */;
			buildPhases = (
				04C0CAA92656AE3D00F557D1 /* Sources */,
				04C0CAAA2656AE3D00F557D1 /* Frameworks */,
				04C0CAAB2656AE3D00F557D1 /* CopyFiles */,
			);
			buildRules = (
			);
			dependencies = (
			);
			name = queue;
			productName = queue;
			productReference = 04C0CAAD2656AE3D00F557D1 /* queue */;
			productType = "com.apple.product-type.tool";
		};
/* End PBXNativeTarget section */

/* Begin PBXProject section */
		04C0CAA52656AE3D00F557D1 /* Project object */ = {
			isa = PBXProject;
			attributes = {
				LastUpgradeCheck = 1250;
				TargetAttributes = {
					04C0CAAC2656AE3D00F557D1 = {
						CreatedOnToolsVersion = 12.5;
					};
				};
			};
			buildConfigurationList = 04C0CAA82656AE3D00F557D1 /* Build configuration list for PBXProject "queue" */;
			compatibilityVersion = "Xcode 9.3";
			developmentRegion = en;
			hasScannedForEncodings = 0;
			knownRegions = (
				en,
				Base,
			);
			mainGroup = 04C0CAA42656AE3D00F557D1;
			productRefGroup = 04C0CAAE2656AE3D00F557D1 /* Products */;
			projectDirPath = "";
			projectRoot = "";
			targets = (
				04C0CAAC2656AE3D00F557D1 /* queue */,
			);
		};
/* End PBXProject section */

/* Begin PBXSourcesBuildPhase section */
		04C0CAA92656AE3D00F557D1 /* Sources */ = {
			isa = PBXSourcesBuildPhase;
			buildActionMask = 2147483647;
			files = (
				04C0CAB12656AE3D00F557D1 /* main.c in Sources */,
				04C0CABA2656B2F900F557D1 /* queueADT.c in Sources */,
			);
			runOnlyForDeploymentPostprocessing = 0;
		};
/* End PBXSourcesBuildPhase section */

/* Begin XCBuildConfiguration section */
		04C0CAB22656AE3D00F557D1 /* Debug */ = {
			isa = XCBuildConfiguration;
			buildSettings = {
				ALWAYS_SEARCH_USER_PATHS = NO;
				CLANG_ANALYZER_NONNULL = YES;
				CLANG_ANALYZER_NUMBER_OBJECT_CONVERSION = YES_AGGRESSIVE;
				CLANG_CXX_LANGUAGE_STANDARD = "gnu++14";
				CLANG_CXX_LIBRARY = "libc++";
				CLANG_ENABLE_MODULES = YES;
				CLANG_ENABLE_OBJC_ARC = YES;
				CLANG_ENABLE_OBJC_WEAK = YES;
				CLANG_WARN_BLOCK_CAPTURE_AUTORELEASING = YES;
				CLANG_WARN_BOOL_CONVERSION = YES;
				CLANG_WARN_COMMA = YES;
				CLANG_WARN_CONSTANT_CONVERSION = YES;
				CLANG_WARN_DEPRECATED_OBJC_IMPLEMENTATIONS = YES;
				CLANG_WARN_DIRECT_OBJC_ISA_USAGE = YES_ERROR;
				CLANG_WARN_DOCUMENTATION_COMMENTS = YES;
				CLANG_WARN_EMPTY_BODY = YES;
				CLANG_WARN_ENUM_CONVERSION = YES;
				CLANG_WARN_INFINITE_RECURSION = YES;
				CLANG_WARN_INT_CONVERSION = YES;
				CLANG_WARN_NON_LITERAL_NULL_CONVERSION = YES;
				CLANG_WARN_OBJC_IMPLICIT_RETAIN_SELF = YES;
				CLANG_WARN_OBJC_LITERAL_CONVERSION = YES;
				CLANG_WARN_OBJC_ROOT_CLASS = YES_ERROR;
				CLANG_WARN_QUOTED_INCLUDE_IN_FRAMEWORK_HEADER = YES;
				CLANG_WARN_RANGE_LOOP_ANALYSIS = YES;
				CLANG_WARN_STRICT_PROTOTYPES = YES;
				CLANG_WARN_SUSPICIOUS_MOVE = YES;
				CLANG_WARN_UNGUARDED_AVAILABILITY = YES_AGGRESSIVE;
				CLANG_WARN_UNREACHABLE_CODE = YES;
				CLANG_WARN__DUPLICATE_METHOD_MATCH = YES;
				COPY_PHASE_STRIP = NO;
				DEBUG_INFORMATION_FORMAT = dwarf;
				ENABLE_STRICT_OBJC_MSGSEND = YES;
				ENABLE_TESTABILITY = YES;
				GCC_C_LANGUAGE_STANDARD = gnu11;
				GCC_DYNAMIC_NO_PIC = NO;
				GCC_NO_COMMON_BLOCKS = YES;
				GCC_OPTIMIZATION_LEVEL = 0;
				GCC_PREPROCESSOR_DEFINITIONS = (
					"DEBUG=1",
					"$(inherited)",
				);
				GCC_WARN_64_TO_32_BIT_CONVERSION = YES;
				GCC_WARN_ABOUT_RETURN_TYPE = YES_ERROR;
				GCC_WARN_UNDECLARED_SELECTOR = YES;
				GCC_WARN_UNINITIALIZED_AUTOS = YES_AGGRESSIVE;
				GCC_WARN_UNUSED_FUNCTION = YES;
				GCC_WARN_UNUSED_VARIABLE = YES;
				MACOSX_DEPLOYMENT_TARGET = 11.3;
				MTL_ENABLE_DEBUG_INFO = INCLUDE_SOURCE;
				MTL_FAST_MATH = YES;
				ONLY_ACTIVE_ARCH = YES;
				SDKROOT = macosx;
			};
			name = Debug;
		};
		04C0CAB32656AE3D00F557D1 /* Release */ = {
			isa = XCBuildConfiguration;
			buildSettings = {
				ALWAYS_SEARCH_USER_PATHS = NO;
				CLANG_ANALYZER_NONNULL = YES;
				CLANG_ANALYZER_NUMBER_OBJECT_CONVERSION = YES_AGGRESSIVE;
				CLANG_CXX_LANGUAGE_STANDARD = "gnu++14";
				CLANG_CXX_LIBRARY = "libc++";
				CLANG_ENABLE_MODULES = YES;
				CLANG_ENABLE_OBJC_ARC = YES;
				CLANG_ENABLE_OBJC_WEAK = YES;
				CLANG_WARN_BLOCK_CAPTURE_AUTORELEASING = YES;
				CLANG_WARN_BOOL_CONVERSION = YES;
				CLANG_WARN_COMMA = YES;
				CLANG_WARN_CONSTANT_CONVERSION = YES;
				CLANG_WARN_DEPRECATED_OBJC_IMPLEMENTATIONS = YES;
				CLANG_WARN_DIRECT_OBJC_ISA_USAGE = YES_ERROR;
				CLANG_WARN_DOCUMENTATION_COMMENTS = YES;
				CLANG_WARN_EMPTY_BODY = YES;
				CLANG_WARN_ENUM_CONVERSION = YES;
				CLANG_WARN_INFINITE_RECURSION = YES;
				CLANG_WARN_INT_CONVERSION = YES;
				CLANG_WARN_NON_LITERAL_NULL_CONVERSION = YES;
				CLANG_WARN_OBJC_IMPLICIT_RETAIN_SELF = YES;
				CLANG_WARN_OBJC_LITERAL_CONVERSION = YES;
				CLANG_WARN_OBJC_ROOT_CLASS = YES_ERROR;
				CLANG_WARN_QUOTED_INCLUDE_IN_FRAMEWORK_HEADER = YES;
				CLANG_WARN_RANGE_LOOP_ANALYSIS = YES;
				CLANG_WARN_STRICT_PROTOTYPES = YES;
				CLANG_WARN_SUSPICIOUS_MOVE = YES;
				CLANG_WARN_UNGUARDED_AVAILABILITY = YES_AGGRESSIVE;
				CLANG_WARN_UNREACHABLE_CODE = YES;
				CLANG_WARN__DUPLICATE_METHOD_MATCH = YES;
				COPY_PHASE_STRIP = NO;
				DEBUG_INFORMATION_FORMAT = "dwarf-with-dsym";
				ENABLE_NS_ASSERTIONS = NO;
				ENABLE_STRICT_OBJC_MSGSEND = YES;
				GCC_C_LANGUAGE_STANDARD = gnu11;
				GCC_NO_COMMON_BLOCKS = YES;
				GCC_WARN_64_TO_32_BIT_CONVERSION = YES;
				GCC_WARN_ABOUT_RETURN_TYPE = YES_ERROR;
				GCC_WARN_UNDECLARED_SELECTOR = YES;
				GCC_WARN_UNINITIALIZED_AUTOS = YES_AGGRESSIVE;
				GCC_WARN_UNUSED_FUNCTION = YES;
				GCC_WARN_UNUSED_VARIABLE = YES;
				MACOSX_DEPLOYMENT_TARGET = 11.3;
				MTL_ENABLE_DEBUG_INFO = NO;
				MTL_FAST_MATH = YES;
				SDKROOT = macosx;
			};
			name = Release;
		};
		04C0CAB52656AE3D00F557D1 /* Debug */ = {
			isa = XCBuildConfiguration;
			buildSettings = {
				CODE_SIGN_STYLE = Automatic;
				PRODUCT_NAME = "$(TARGET_NAME)";
			};
			name = Debug;
		};
		04C0CAB62656AE3D00F557D1 /* Release */ = {
			isa = XCBuildConfiguration;
			buildSettings = {
				CODE_SIGN_STYLE = Automatic;
				PRODUCT_NAME = "$(TARGET_NAME)";
			};
			name = Release;
		};
/* End XCBuildConfiguration section */

/* Begin XCConfigurationList section */
		04C0CAA82656AE3D00F557D1 /* Build configuration list for PBXProject "queue" */ = {
			isa = XCConfigurationList;
			buildConfigurations = (
				04C0CAB22656AE3D00F557D1 /* Debug */,
				04C0CAB32656AE3D00F557D1 /* Release */,
			);
			defaultConfigurationIsVisible = 0;
			defaultConfigurationName = Release;
		};
		04C0CAB42656AE3D00F557D1 /* Build configuration list for PBXNativeTarget "queue" */ = {
			isa = XCConfigurationList;
			buildConfigurations = (
				04C0CAB52656AE3D00F557D1 /* Debug */,
				04C0CAB62656AE3D00F557D1 /* Release */,
			);
			defaultConfigurationIsVisible = 0;
			defaultConfigurationName = Release;
		};
/* End XCConfigurationList section */
	};
	rootObject = 04C0CAA52656AE3D00F557D1 /* Project object */;
}
