// !$*UTF8*$!
{
	archiveVersion = 1;
	classes = {
	};
	objectVersion = 50;
	objects = {

/* Begin PBXBuildFile section */
		040945FA2623EA8800BEDD43 /* main.c in Sources */ = {isa = PBXBuildFile; fileRef = 040945F92623EA8800BEDD43 /* main.c */; };
		0409460E2624079F00BEDD43 /* library.c in Sources */ = {isa = PBXBuildFile; fileRef = 0409460D2624079F00BEDD43 /* library.c */; };
		04DC1D1C2628117100552AB2 /* string_tools.c in Sources */ = {isa = PBXBuildFile; fileRef = 04DC1D1B2628117100552AB2 /* string_tools.c */; };
/* End PBXBuildFile section */

/* Begin PBXCopyFilesBuildPhase section */
		040945F42623EA8800BEDD43 /* CopyFiles */ = {
			isa = PBXCopyFilesBuildPhase;
			buildActionMask = 2147483647;
			dstPath = /usr/share/man/man1/;
			dstSubfolderSpec = 0;
			files = (
			);
			runOnlyForDeploymentPostprocessing = 1;
		};
/* End PBXCopyFilesBuildPhase section */

/* Begin PBXFileReference section */
		040945F62623EA8800BEDD43 /* mp3 관리 프로그램 */ = {isa = PBXFileReference; explicitFileType = "compiled.mach-o.executable"; includeInIndex = 0; path = "mp3 관리 프로그램"; sourceTree = BUILT_PRODUCTS_DIR; };
		040945F92623EA8800BEDD43 /* main.c */ = {isa = PBXFileReference; lastKnownFileType = sourcecode.c.c; path = main.c; sourceTree = "<group>"; };
		040946012623EABE00BEDD43 /* File */ = {isa = PBXFileReference; lastKnownFileType = text; path = File; sourceTree = "<group>"; };
		040946032623FF6D00BEDD43 /* my_collection.txt */ = {isa = PBXFileReference; lastKnownFileType = text; path = my_collection.txt; sourceTree = "<group>"; };
		0409460C2624079F00BEDD43 /* library.h */ = {isa = PBXFileReference; lastKnownFileType = sourcecode.c.h; path = library.h; sourceTree = "<group>"; };
		0409460D2624079F00BEDD43 /* library.c */ = {isa = PBXFileReference; lastKnownFileType = sourcecode.c.c; path = library.c; sourceTree = "<group>"; };
		04DC1D1A2628117100552AB2 /* string_tools.h */ = {isa = PBXFileReference; lastKnownFileType = sourcecode.c.h; path = string_tools.h; sourceTree = "<group>"; };
		04DC1D1B2628117100552AB2 /* string_tools.c */ = {isa = PBXFileReference; lastKnownFileType = sourcecode.c.c; path = string_tools.c; sourceTree = "<group>"; };
/* End PBXFileReference section */

/* Begin PBXFrameworksBuildPhase section */
		040945F32623EA8800BEDD43 /* Frameworks */ = {
			isa = PBXFrameworksBuildPhase;
			buildActionMask = 2147483647;
			files = (
			);
			runOnlyForDeploymentPostprocessing = 0;
		};
/* End PBXFrameworksBuildPhase section */

/* Begin PBXGroup section */
		040945ED2623EA8800BEDD43 = {
			isa = PBXGroup;
			children = (
				040945F82623EA8800BEDD43 /* mp3 관리 프로그램 */,
				040945F72623EA8800BEDD43 /* Products */,
			);
			sourceTree = "<group>";
		};
		040945F72623EA8800BEDD43 /* Products */ = {
			isa = PBXGroup;
			children = (
				040945F62623EA8800BEDD43 /* mp3 관리 프로그램 */,
			);
			name = Products;
			sourceTree = "<group>";
		};
		040945F82623EA8800BEDD43 /* mp3 관리 프로그램 */ = {
			isa = PBXGroup;
			children = (
				040945F92623EA8800BEDD43 /* main.c */,
				040946012623EABE00BEDD43 /* File */,
				040946032623FF6D00BEDD43 /* my_collection.txt */,
				0409460C2624079F00BEDD43 /* library.h */,
				0409460D2624079F00BEDD43 /* library.c */,
				04DC1D1A2628117100552AB2 /* string_tools.h */,
				04DC1D1B2628117100552AB2 /* string_tools.c */,
			);
			path = "mp3 관리 프로그램";
			sourceTree = "<group>";
		};
/* End PBXGroup section */

/* Begin PBXNativeTarget section */
		040945F52623EA8800BEDD43 /* mp3 관리 프로그램 */ = {
			isa = PBXNativeTarget;
			buildConfigurationList = 040945FD2623EA8800BEDD43 /* Build configuration list for PBXNativeTarget "mp3 관리 프로그램" */;
			buildPhases = (
				040945F22623EA8800BEDD43 /* Sources */,
				040945F32623EA8800BEDD43 /* Frameworks */,
				040945F42623EA8800BEDD43 /* CopyFiles */,
			);
			buildRules = (
			);
			dependencies = (
			);
			name = "mp3 관리 프로그램";
			productName = "mp3 관리 프로그램";
			productReference = 040945F62623EA8800BEDD43 /* mp3 관리 프로그램 */;
			productType = "com.apple.product-type.tool";
		};
/* End PBXNativeTarget section */

/* Begin PBXProject section */
		040945EE2623EA8800BEDD43 /* Project object */ = {
			isa = PBXProject;
			attributes = {
				LastUpgradeCheck = 1240;
				TargetAttributes = {
					040945F52623EA8800BEDD43 = {
						CreatedOnToolsVersion = 12.4;
					};
				};
			};
			buildConfigurationList = 040945F12623EA8800BEDD43 /* Build configuration list for PBXProject "mp3 관리 프로그램" */;
			compatibilityVersion = "Xcode 9.3";
			developmentRegion = en;
			hasScannedForEncodings = 0;
			knownRegions = (
				en,
				Base,
			);
			mainGroup = 040945ED2623EA8800BEDD43;
			productRefGroup = 040945F72623EA8800BEDD43 /* Products */;
			projectDirPath = "";
			projectRoot = "";
			targets = (
				040945F52623EA8800BEDD43 /* mp3 관리 프로그램 */,
			);
		};
/* End PBXProject section */

/* Begin PBXSourcesBuildPhase section */
		040945F22623EA8800BEDD43 /* Sources */ = {
			isa = PBXSourcesBuildPhase;
			buildActionMask = 2147483647;
			files = (
				04DC1D1C2628117100552AB2 /* string_tools.c in Sources */,
				040945FA2623EA8800BEDD43 /* main.c in Sources */,
				0409460E2624079F00BEDD43 /* library.c in Sources */,
			);
			runOnlyForDeploymentPostprocessing = 0;
		};
/* End PBXSourcesBuildPhase section */

/* Begin XCBuildConfiguration section */
		040945FB2623EA8800BEDD43 /* Debug */ = {
			isa = XCBuildConfiguration;
			buildSettings = {
				ALWAYS_SEARCH_USER_PATHS = NO;
				CLANG_ANALYZER_NONNULL = YES;
				CLANG_ANALYZER_NUMBER_OBJECT_CONVERSION = YES_AGGRESSIVE;
				CLANG_CXX_LANGUAGE_STANDARD = "gnu++14";
				CLANG_CXX_LIBRARY = "libc++";
				CLANG_ENABLE_MODULES = YES;
				CLANG_ENABLE_OBJC_ARC = YES;
				CLANG_ENABLE_OBJC_WEAK = YES;
				CLANG_WARN_BLOCK_CAPTURE_AUTORELEASING = YES;
				CLANG_WARN_BOOL_CONVERSION = YES;
				CLANG_WARN_COMMA = YES;
				CLANG_WARN_CONSTANT_CONVERSION = YES;
				CLANG_WARN_DEPRECATED_OBJC_IMPLEMENTATIONS = YES;
				CLANG_WARN_DIRECT_OBJC_ISA_USAGE = YES_ERROR;
				CLANG_WARN_DOCUMENTATION_COMMENTS = YES;
				CLANG_WARN_EMPTY_BODY = YES;
				CLANG_WARN_ENUM_CONVERSION = YES;
				CLANG_WARN_INFINITE_RECURSION = YES;
				CLANG_WARN_INT_CONVERSION = YES;
				CLANG_WARN_NON_LITERAL_NULL_CONVERSION = YES;
				CLANG_WARN_OBJC_IMPLICIT_RETAIN_SELF = YES;
				CLANG_WARN_OBJC_LITERAL_CONVERSION = YES;
				CLANG_WARN_OBJC_ROOT_CLASS = YES_ERROR;
				CLANG_WARN_QUOTED_INCLUDE_IN_FRAMEWORK_HEADER = YES;
				CLANG_WARN_RANGE_LOOP_ANALYSIS = YES;
				CLANG_WARN_STRICT_PROTOTYPES = YES;
				CLANG_WARN_SUSPICIOUS_MOVE = YES;
				CLANG_WARN_UNGUARDED_AVAILABILITY = YES_AGGRESSIVE;
				CLANG_WARN_UNREACHABLE_CODE = YES;
				CLANG_WARN__DUPLICATE_METHOD_MATCH = YES;
				COPY_PHASE_STRIP = NO;
				DEBUG_INFORMATION_FORMAT = dwarf;
				ENABLE_STRICT_OBJC_MSGSEND = YES;
				ENABLE_TESTABILITY = YES;
				GCC_C_LANGUAGE_STANDARD = gnu11;
				GCC_DYNAMIC_NO_PIC = NO;
				GCC_NO_COMMON_BLOCKS = YES;
				GCC_OPTIMIZATION_LEVEL = 0;
				GCC_PREPROCESSOR_DEFINITIONS = (
					"DEBUG=1",
					"$(inherited)",
				);
				GCC_WARN_64_TO_32_BIT_CONVERSION = YES;
				GCC_WARN_ABOUT_RETURN_TYPE = YES_ERROR;
				GCC_WARN_UNDECLARED_SELECTOR = YES;
				GCC_WARN_UNINITIALIZED_AUTOS = YES_AGGRESSIVE;
				GCC_WARN_UNUSED_FUNCTION = YES;
				GCC_WARN_UNUSED_VARIABLE = YES;
				MACOSX_DEPLOYMENT_TARGET = 11.0;
				MTL_ENABLE_DEBUG_INFO = INCLUDE_SOURCE;
				MTL_FAST_MATH = YES;
				ONLY_ACTIVE_ARCH = YES;
				SDKROOT = macosx;
			};
			name = Debug;
		};
		040945FC2623EA8800BEDD43 /* Release */ = {
			isa = XCBuildConfiguration;
			buildSettings = {
				ALWAYS_SEARCH_USER_PATHS = NO;
				CLANG_ANALYZER_NONNULL = YES;
				CLANG_ANALYZER_NUMBER_OBJECT_CONVERSION = YES_AGGRESSIVE;
				CLANG_CXX_LANGUAGE_STANDARD = "gnu++14";
				CLANG_CXX_LIBRARY = "libc++";
				CLANG_ENABLE_MODULES = YES;
				CLANG_ENABLE_OBJC_ARC = YES;
				CLANG_ENABLE_OBJC_WEAK = YES;
				CLANG_WARN_BLOCK_CAPTURE_AUTORELEASING = YES;
				CLANG_WARN_BOOL_CONVERSION = YES;
				CLANG_WARN_COMMA = YES;
				CLANG_WARN_CONSTANT_CONVERSION = YES;
				CLANG_WARN_DEPRECATED_OBJC_IMPLEMENTATIONS = YES;
				CLANG_WARN_DIRECT_OBJC_ISA_USAGE = YES_ERROR;
				CLANG_WARN_DOCUMENTATION_COMMENTS = YES;
				CLANG_WARN_EMPTY_BODY = YES;
				CLANG_WARN_ENUM_CONVERSION = YES;
				CLANG_WARN_INFINITE_RECURSION = YES;
				CLANG_WARN_INT_CONVERSION = YES;
				CLANG_WARN_NON_LITERAL_NULL_CONVERSION = YES;
				CLANG_WARN_OBJC_IMPLICIT_RETAIN_SELF = YES;
				CLANG_WARN_OBJC_LITERAL_CONVERSION = YES;
				CLANG_WARN_OBJC_ROOT_CLASS = YES_ERROR;
				CLANG_WARN_QUOTED_INCLUDE_IN_FRAMEWORK_HEADER = YES;
				CLANG_WARN_RANGE_LOOP_ANALYSIS = YES;
				CLANG_WARN_STRICT_PROTOTYPES = YES;
				CLANG_WARN_SUSPICIOUS_MOVE = YES;
				CLANG_WARN_UNGUARDED_AVAILABILITY = YES_AGGRESSIVE;
				CLANG_WARN_UNREACHABLE_CODE = YES;
				CLANG_WARN__DUPLICATE_METHOD_MATCH = YES;
				COPY_PHASE_STRIP = NO;
				DEBUG_INFORMATION_FORMAT = "dwarf-with-dsym";
				ENABLE_NS_ASSERTIONS = NO;
				ENABLE_STRICT_OBJC_MSGSEND = YES;
				GCC_C_LANGUAGE_STANDARD = gnu11;
				GCC_NO_COMMON_BLOCKS = YES;
				GCC_WARN_64_TO_32_BIT_CONVERSION = YES;
				GCC_WARN_ABOUT_RETURN_TYPE = YES_ERROR;
				GCC_WARN_UNDECLARED_SELECTOR = YES;
				GCC_WARN_UNINITIALIZED_AUTOS = YES_AGGRESSIVE;
				GCC_WARN_UNUSED_FUNCTION = YES;
				GCC_WARN_UNUSED_VARIABLE = YES;
				MACOSX_DEPLOYMENT_TARGET = 11.0;
				MTL_ENABLE_DEBUG_INFO = NO;
				MTL_FAST_MATH = YES;
				SDKROOT = macosx;
			};
			name = Release;
		};
		040945FE2623EA8800BEDD43 /* Debug */ = {
			isa = XCBuildConfiguration;
			buildSettings = {
				CODE_SIGN_STYLE = Automatic;
				PRODUCT_NAME = "$(TARGET_NAME)";
			};
			name = Debug;
		};
		040945FF2623EA8800BEDD43 /* Release */ = {
			isa = XCBuildConfiguration;
			buildSettings = {
				CODE_SIGN_STYLE = Automatic;
				PRODUCT_NAME = "$(TARGET_NAME)";
			};
			name = Release;
		};
/* End XCBuildConfiguration section */

/* Begin XCConfigurationList section */
		040945F12623EA8800BEDD43 /* Build configuration list for PBXProject "mp3 관리 프로그램" */ = {
			isa = XCConfigurationList;
			buildConfigurations = (
				040945FB2623EA8800BEDD43 /* Debug */,
				040945FC2623EA8800BEDD43 /* Release */,
			);
			defaultConfigurationIsVisible = 0;
			defaultConfigurationName = Release;
		};
		040945FD2623EA8800BEDD43 /* Build configuration list for PBXNativeTarget "mp3 관리 프로그램" */ = {
			isa = XCConfigurationList;
			buildConfigurations = (
				040945FE2623EA8800BEDD43 /* Debug */,
				040945FF2623EA8800BEDD43 /* Release */,
			);
			defaultConfigurationIsVisible = 0;
			defaultConfigurationName = Release;
		};
/* End XCConfigurationList section */
	};
	rootObject = 040945EE2623EA8800BEDD43 /* Project object */;
}
