
Microsoft Visual Studio Solution File, Format Version 12.00
# Visual Studio Version 16
VisualStudioVersion = 16.0.31019.35
MinimumVisualStudioVersion = 10.0.40219.1
Project("{8BC9CEB8-8B4A-11D0-8D11-00A0C91BC942}") = "hServer", "hServer\hServer.vcxproj", "{DE44F0C9-A87D-4764-A0A7-96A980E5B888}"
EndProject
Project("{8BC9CEB8-8B4A-11D0-8D11-00A0C91BC942}") = "hClnt", "hClnt\hClnt.vcxproj", "{0FDF3DA6-DFD7-4156-A454-2A1C188047D8}"
EndProject
Global
	GlobalSection(SolutionConfigurationPlatforms) = preSolution
		Debug|x64 = Debug|x64
		Debug|x86 = Debug|x86
		Release|x64 = Release|x64
		Release|x86 = Release|x86
	EndGlobalSection
	GlobalSection(ProjectConfigurationPlatforms) = postSolution
		{DE44F0C9-A87D-4764-A0A7-96A980E5B888}.Debug|x64.ActiveCfg = Debug|x64
		{DE44F0C9-A87D-4764-A0A7-96A980E5B888}.Debug|x64.Build.0 = Debug|x64
		{DE44F0C9-A87D-4764-A0A7-96A980E5B888}.Debug|x86.ActiveCfg = Debug|Win32
		{DE44F0C9-A87D-4764-A0A7-96A980E5B888}.Debug|x86.Build.0 = Debug|Win32
		{DE44F0C9-A87D-4764-A0A7-96A980E5B888}.Release|x64.ActiveCfg = Release|x64
		{DE44F0C9-A87D-4764-A0A7-96A980E5B888}.Release|x64.Build.0 = Release|x64
		{DE44F0C9-A87D-4764-A0A7-96A980E5B888}.Release|x86.ActiveCfg = Release|Win32
		{DE44F0C9-A87D-4764-A0A7-96A980E5B888}.Release|x86.Build.0 = Release|Win32
		{0FDF3DA6-DFD7-4156-A454-2A1C188047D8}.Debug|x64.ActiveCfg = Debug|x64
		{0FDF3DA6-DFD7-4156-A454-2A1C188047D8}.Debug|x64.Build.0 = Debug|x64
		{0FDF3DA6-DFD7-4156-A454-2A1C188047D8}.Debug|x86.ActiveCfg = Debug|Win32
		{0FDF3DA6-DFD7-4156-A454-2A1C188047D8}.Debug|x86.Build.0 = Debug|Win32
		{0FDF3DA6-DFD7-4156-A454-2A1C188047D8}.Release|x64.ActiveCfg = Release|x64
		{0FDF3DA6-DFD7-4156-A454-2A1C188047D8}.Release|x64.Build.0 = Release|x64
		{0FDF3DA6-DFD7-4156-A454-2A1C188047D8}.Release|x86.ActiveCfg = Release|Win32
		{0FDF3DA6-DFD7-4156-A454-2A1C188047D8}.Release|x86.Build.0 = Release|Win32
	EndGlobalSection
	GlobalSection(SolutionProperties) = preSolution
		HideSolutionNode = FALSE
	EndGlobalSection
	GlobalSection(ExtensibilityGlobals) = postSolution
		SolutionGuid = {D13B76EC-B0CD-49B8-8330-495A9C22FE37}
	EndGlobalSection
EndGlobal
